{
    "_readme": [
        "This file locks the dependencies of your project to a known state",
        "Read more about it at https://getcomposer.org/doc/01-basic-usage.md#composer-lock-the-lock-file",
        "This file is @generated automatically"
    ],
    "hash": "8f3784070c2a9902bb4737e5da2f1288",
    "content-hash": "ba83dbaf6897ca4b4130c5c9e3124a84",
    "packages": [
        {
            "name": "components/jquery",
            "version": "2.1.4",
            "source": {
                "type": "git",
                "url": "https://github.com/components/jquery.git",
                "reference": "7b1d1104656a092423fbfba13c5920e9bbba290c"
            },
            "dist": {
                "type": "zip",
                "url": "https://api.github.com/repos/components/jquery/zipball/7b1d1104656a092423fbfba13c5920e9bbba290c",
                "reference": "7b1d1104656a092423fbfba13c5920e9bbba290c",
                "shasum": ""
            },
            "type": "component",
            "extra": {
                "component": {
                    "scripts": [
                        "jquery.js"
                    ],
                    "files": [
                        "jquery.min.js",
                        "jquery.min.map",
                        "jquery-migrate.js",
                        "jquery-migrate.min.js"
                    ]
                }
            },
            "notification-url": "https://packagist.org/downloads/",
            "license": [
                "MIT"
            ],
            "authors": [
                {
                    "name": "John Resig",
                    "email": "jeresig@gmail.com"
                }
            ],
            "description": "jQuery JavaScript Library",
            "homepage": "http://jquery.com",
            "time": "2015-05-08 05:04:47"
        },
        {
            "name": "components/normalize.css",
            "version": "3.0.3",
            "source": {
                "type": "git",
                "url": "https://github.com/components/normalize.css.git",
                "reference": "45dc73f97034936e7ab1838be4887a3be315824b"
            },
            "dist": {
                "type": "zip",
                "url": "https://api.github.com/repos/components/normalize.css/zipball/45dc73f97034936e7ab1838be4887a3be315824b",
                "reference": "45dc73f97034936e7ab1838be4887a3be315824b",
                "shasum": ""
            },
            "type": "component",
            "extra": {
                "component": {
                    "name": "normalize-css",
                    "styles": [
                        "normalize.css"
                    ]
                }
            },
            "notification-url": "https://packagist.org/downloads/",
            "license": [
                "MIT"
            ],
            "description": "Normalize.css is a customisable CSS file that makes browsers render all elements more consistently and in line with modern standards.",
            "homepage": "http://necolas.github.com/normalize.css/",
            "time": "2015-05-21 16:25:32"
        },
        {
            "name": "contao-components/installer",
            "version": "1.0.10",
            "source": {
                "type": "git",
                "url": "https://github.com/contao-components/installer.git",
                "reference": "b8a654cb195b8f7db38a501e6d7178d2b0b070da"
            },
            "dist": {
                "type": "zip",
                "url": "https://api.github.com/repos/contao-components/installer/zipball/b8a654cb195b8f7db38a501e6d7178d2b0b070da",
                "reference": "b8a654cb195b8f7db38a501e6d7178d2b0b070da",
                "shasum": ""
            },
            "require": {
                "composer-plugin-api": "~1.0",
                "php": ">=5.4.0"
            },
            "require-dev": {
                "composer/composer": "~1.0",
                "fabpot/php-cs-fixer": "~1.8",
                "phpunit/phpunit": "~4.5"
            },
            "type": "composer-installer",
            "extra": {
                "class": "Contao\\Composer\\ComponentInstaller"
            },
            "autoload": {
                "psr-4": {
                    "Contao\\Composer\\": "src/"
                }
            },
            "notification-url": "https://packagist.org/downloads/",
            "license": [
                "LGPL-3.0+"
            ],
            "authors": [
                {
                    "name": "Leo Feyer",
                    "homepage": "https://github.com/leofeyer"
                }
            ],
            "description": "Contao components installer",
            "time": "2015-11-10 09:42:55"
        },
        {
            "name": "contao-components/mediaelement",
            "version": "2.18.2",
            "source": {
                "type": "git",
                "url": "https://github.com/contao-components/mediaelement.git",
                "reference": "67f52aee7de5ace0739f8992c3579aca9951e1f6"
            },
            "dist": {
                "type": "zip",
                "url": "https://api.github.com/repos/contao-components/mediaelement/zipball/67f52aee7de5ace0739f8992c3579aca9951e1f6",
                "reference": "67f52aee7de5ace0739f8992c3579aca9951e1f6",
                "shasum": ""
            },
            "require": {
                "contao-components/installer": "~1.0"
            },
            "type": "contao-component",
            "notification-url": "https://packagist.org/downloads/",
            "license": [
                "MIT"
            ],
            "authors": [
                {
                    "name": "Leo Feyer",
                    "homepage": "https://github.com/leofeyer"
                }
            ],
            "description": "MediaElement.js integration for Contao Open Source CMS",
            "time": "2015-11-10 11:38:47"
        }
    ],
    "packages-dev": [],
    "aliases": [],
    "minimum-stability": "stable",
    "stability-flags": [],
    "prefer-stable": false,
    "prefer-lowest": false,
    "platform": [],
    "platform-dev": []
}
